
Microsoft Visual Studio Solution File, Format Version 12.00
# Visual Studio 15
VisualStudioVersion = 15.0.28307.902
MinimumVisualStudioVersion = 10.0.40219.1
Project("{9A19103F-16F7-4668-BE54-9A1E7A4F7556}") = "EductionWeb", "EductionWebSite\EductionWeb.csproj", "{287A5A07-C838-4182-9B4B-5F9986985CB4}"
EndProject
Project("{9A19103F-16F7-4668-BE54-9A1E7A4F7556}") = "Eduction.Core", "Shop.Core\Eduction.Core.csproj", "{111F163F-C660-457F-AF95-7C640093FB1C}"
EndProject
Project("{9A19103F-16F7-4668-BE54-9A1E7A4F7556}") = "Eduction.Data", "Eduction.Data\Eduction.Data.csproj", "{6E33DF15-8F7A-45F4-94DD-1FDD537FED47}"
EndProject
Project("{9A19103F-16F7-4668-BE54-9A1E7A4F7556}") = "Eduction.FrameWork", "Eduction.FrameWork\Eduction.FrameWork.csproj", "{A5D06C59-6E18-4978-A043-74469A050041}"
EndProject
Project("{9A19103F-16F7-4668-BE54-9A1E7A4F7556}") = "Eduction.Service", "Eduction.Service\Eduction.Service.csproj", "{5CE4DC85-210B-4C39-8154-A30A7FA92324}"
EndProject
Global
	GlobalSection(SolutionConfigurationPlatforms) = preSolution
		Debug|Any CPU = Debug|Any CPU
		Release|Any CPU = Release|Any CPU
	EndGlobalSection
	GlobalSection(ProjectConfigurationPlatforms) = postSolution
		{287A5A07-C838-4182-9B4B-5F9986985CB4}.Debug|Any CPU.ActiveCfg = Debug|Any CPU
		{287A5A07-C838-4182-9B4B-5F9986985CB4}.Debug|Any CPU.Build.0 = Debug|Any CPU
		{287A5A07-C838-4182-9B4B-5F9986985CB4}.Release|Any CPU.ActiveCfg = Release|Any CPU
		{287A5A07-C838-4182-9B4B-5F9986985CB4}.Release|Any CPU.Build.0 = Release|Any CPU
		{111F163F-C660-457F-AF95-7C640093FB1C}.Debug|Any CPU.ActiveCfg = Debug|Any CPU
		{111F163F-C660-457F-AF95-7C640093FB1C}.Debug|Any CPU.Build.0 = Debug|Any CPU
		{111F163F-C660-457F-AF95-7C640093FB1C}.Release|Any CPU.ActiveCfg = Release|Any CPU
		{111F163F-C660-457F-AF95-7C640093FB1C}.Release|Any CPU.Build.0 = Release|Any CPU
		{6E33DF15-8F7A-45F4-94DD-1FDD537FED47}.Debug|Any CPU.ActiveCfg = Debug|Any CPU
		{6E33DF15-8F7A-45F4-94DD-1FDD537FED47}.Debug|Any CPU.Build.0 = Debug|Any CPU
		{6E33DF15-8F7A-45F4-94DD-1FDD537FED47}.Release|Any CPU.ActiveCfg = Release|Any CPU
		{6E33DF15-8F7A-45F4-94DD-1FDD537FED47}.Release|Any CPU.Build.0 = Release|Any CPU
		{A5D06C59-6E18-4978-A043-74469A050041}.Debug|Any CPU.ActiveCfg = Debug|Any CPU
		{A5D06C59-6E18-4978-A043-74469A050041}.Debug|Any CPU.Build.0 = Debug|Any CPU
		{A5D06C59-6E18-4978-A043-74469A050041}.Release|Any CPU.ActiveCfg = Release|Any CPU
		{A5D06C59-6E18-4978-A043-74469A050041}.Release|Any CPU.Build.0 = Release|Any CPU
		{5CE4DC85-210B-4C39-8154-A30A7FA92324}.Debug|Any CPU.ActiveCfg = Debug|Any CPU
		{5CE4DC85-210B-4C39-8154-A30A7FA92324}.Debug|Any CPU.Build.0 = Debug|Any CPU
		{5CE4DC85-210B-4C39-8154-A30A7FA92324}.Release|Any CPU.ActiveCfg = Release|Any CPU
		{5CE4DC85-210B-4C39-8154-A30A7FA92324}.Release|Any CPU.Build.0 = Release|Any CPU
	EndGlobalSection
	GlobalSection(SolutionProperties) = preSolution
		HideSolutionNode = FALSE
	EndGlobalSection
	GlobalSection(ExtensibilityGlobals) = postSolution
		SolutionGuid = {3F293D5E-89A9-49B4-844E-62A0480A05A7}
	EndGlobalSection
EndGlobal
